
Microsoft Visual Studio Solution File, Format Version 12.00
# Visual Studio Version 16
VisualStudioVersion = 16.0.30611.23
MinimumVisualStudioVersion = 10.0.40219.1
Project("{9A19103F-16F7-4668-BE54-9A1E7A4F7556}") = "MvcMovie", "MvcMovie\MvcMovie.csproj", "{12FB91EC-195D-4561-B431-FFD5D231A2D5}"
EndProject
Project("{9A19103F-16F7-4668-BE54-9A1E7A4F7556}") = "Model", "Model\Model.csproj", "{F1445D16-A668-4D42-B429-48F83B725A55}"
EndProject
Project("{9A19103F-16F7-4668-BE54-9A1E7A4F7556}") = "Service", "Service\Service.csproj", "{A76BD5DB-7ECC-4D20-AA8E-FC8565A57EFB}"
EndProject
Global
	GlobalSection(SolutionConfigurationPlatforms) = preSolution
		Debug|Any CPU = Debug|Any CPU
		Release|Any CPU = Release|Any CPU
	EndGlobalSection
	GlobalSection(ProjectConfigurationPlatforms) = postSolution
		{12FB91EC-195D-4561-B431-FFD5D231A2D5}.Debug|Any CPU.ActiveCfg = Debug|Any CPU
		{12FB91EC-195D-4561-B431-FFD5D231A2D5}.Debug|Any CPU.Build.0 = Debug|Any CPU
		{12FB91EC-195D-4561-B431-FFD5D231A2D5}.Release|Any CPU.ActiveCfg = Release|Any CPU
		{12FB91EC-195D-4561-B431-FFD5D231A2D5}.Release|Any CPU.Build.0 = Release|Any CPU
		{F1445D16-A668-4D42-B429-48F83B725A55}.Debug|Any CPU.ActiveCfg = Debug|Any CPU
		{F1445D16-A668-4D42-B429-48F83B725A55}.Debug|Any CPU.Build.0 = Debug|Any CPU
		{F1445D16-A668-4D42-B429-48F83B725A55}.Release|Any CPU.ActiveCfg = Release|Any CPU
		{F1445D16-A668-4D42-B429-48F83B725A55}.Release|Any CPU.Build.0 = Release|Any CPU
		{A76BD5DB-7ECC-4D20-AA8E-FC8565A57EFB}.Debug|Any CPU.ActiveCfg = Debug|Any CPU
		{A76BD5DB-7ECC-4D20-AA8E-FC8565A57EFB}.Debug|Any CPU.Build.0 = Debug|Any CPU
		{A76BD5DB-7ECC-4D20-AA8E-FC8565A57EFB}.Release|Any CPU.ActiveCfg = Release|Any CPU
		{A76BD5DB-7ECC-4D20-AA8E-FC8565A57EFB}.Release|Any CPU.Build.0 = Release|Any CPU
	EndGlobalSection
	GlobalSection(SolutionProperties) = preSolution
		HideSolutionNode = FALSE
	EndGlobalSection
	GlobalSection(ExtensibilityGlobals) = postSolution
		SolutionGuid = {8011F0E1-55DC-4B7A-B9EB-5A84A275EF61}
	EndGlobalSection
EndGlobal
